
Microsoft Visual Studio Solution File, Format Version 12.00
# Visual Studio Version 16
VisualStudioVersion = 16.0.29920.165
MinimumVisualStudioVersion = 10.0.40219.1
Project("{FAE04EC0-301F-11D3-BF4B-00C04F79EFBC}") = "ShellNavigation.Android", "ShellNavigation\ShellNavigation.Android\ShellNavigation.Android.csproj", "{DC88E553-64F7-46CF-BCF5-291ED6CF1EDD}"
EndProject
Project("{FAE04EC0-301F-11D3-BF4B-00C04F79EFBC}") = "ShellNavigation.iOS", "ShellNavigation\ShellNavigation.iOS\ShellNavigation.iOS.csproj", "{5773128C-0239-4E31-885B-99AB9604D099}"
EndProject
Project("{FAE04EC0-301F-11D3-BF4B-00C04F79EFBC}") = "ShellNavigation", "ShellNavigation\ShellNavigation\ShellNavigation.csproj", "{45B81B90-7D9C-4806-806A-650C33123BAA}"
EndProject
Global
	GlobalSection(SolutionConfigurationPlatforms) = preSolution
		Debug|Any CPU = Debug|Any CPU
		Debug|iPhone = Debug|iPhone
		Debug|iPhoneSimulator = Debug|iPhoneSimulator
		Release|Any CPU = Release|Any CPU
		Release|iPhone = Release|iPhone
		Release|iPhoneSimulator = Release|iPhoneSimulator
	EndGlobalSection
	GlobalSection(ProjectConfigurationPlatforms) = postSolution
		{DC88E553-64F7-46CF-BCF5-291ED6CF1EDD}.Debug|Any CPU.ActiveCfg = Debug|Any CPU
		{DC88E553-64F7-46CF-BCF5-291ED6CF1EDD}.Debug|Any CPU.Build.0 = Debug|Any CPU
		{DC88E553-64F7-46CF-BCF5-291ED6CF1EDD}.Debug|Any CPU.Deploy.0 = Debug|Any CPU
		{DC88E553-64F7-46CF-BCF5-291ED6CF1EDD}.Debug|iPhone.ActiveCfg = Debug|Any CPU
		{DC88E553-64F7-46CF-BCF5-291ED6CF1EDD}.Debug|iPhone.Build.0 = Debug|Any CPU
		{DC88E553-64F7-46CF-BCF5-291ED6CF1EDD}.Debug|iPhone.Deploy.0 = Debug|Any CPU
		{DC88E553-64F7-46CF-BCF5-291ED6CF1EDD}.Debug|iPhoneSimulator.ActiveCfg = Debug|Any CPU
		{DC88E553-64F7-46CF-BCF5-291ED6CF1EDD}.Debug|iPhoneSimulator.Build.0 = Debug|Any CPU
		{DC88E553-64F7-46CF-BCF5-291ED6CF1EDD}.Debug|iPhoneSimulator.Deploy.0 = Debug|Any CPU
		{DC88E553-64F7-46CF-BCF5-291ED6CF1EDD}.Release|Any CPU.ActiveCfg = Release|Any CPU
		{DC88E553-64F7-46CF-BCF5-291ED6CF1EDD}.Release|Any CPU.Build.0 = Release|Any CPU
		{DC88E553-64F7-46CF-BCF5-291ED6CF1EDD}.Release|Any CPU.Deploy.0 = Release|Any CPU
		{DC88E553-64F7-46CF-BCF5-291ED6CF1EDD}.Release|iPhone.ActiveCfg = Release|Any CPU
		{DC88E553-64F7-46CF-BCF5-291ED6CF1EDD}.Release|iPhone.Build.0 = Release|Any CPU
		{DC88E553-64F7-46CF-BCF5-291ED6CF1EDD}.Release|iPhone.Deploy.0 = Release|Any CPU
		{DC88E553-64F7-46CF-BCF5-291ED6CF1EDD}.Release|iPhoneSimulator.ActiveCfg = Release|Any CPU
		{DC88E553-64F7-46CF-BCF5-291ED6CF1EDD}.Release|iPhoneSimulator.Build.0 = Release|Any CPU
		{DC88E553-64F7-46CF-BCF5-291ED6CF1EDD}.Release|iPhoneSimulator.Deploy.0 = Release|Any CPU
		{5773128C-0239-4E31-885B-99AB9604D099}.Debug|Any CPU.ActiveCfg = Debug|iPhone
		{5773128C-0239-4E31-885B-99AB9604D099}.Debug|Any CPU.Build.0 = Debug|iPhone
		{5773128C-0239-4E31-885B-99AB9604D099}.Debug|Any CPU.Deploy.0 = Debug|iPhone
		{5773128C-0239-4E31-885B-99AB9604D099}.Debug|iPhone.ActiveCfg = Debug|iPhone
		{5773128C-0239-4E31-885B-99AB9604D099}.Debug|iPhone.Build.0 = Debug|iPhone
		{5773128C-0239-4E31-885B-99AB9604D099}.Debug|iPhone.Deploy.0 = Debug|iPhone
		{5773128C-0239-4E31-885B-99AB9604D099}.Debug|iPhoneSimulator.ActiveCfg = Debug|iPhoneSimulator
		{5773128C-0239-4E31-885B-99AB9604D099}.Debug|iPhoneSimulator.Build.0 = Debug|iPhoneSimulator
		{5773128C-0239-4E31-885B-99AB9604D099}.Debug|iPhoneSimulator.Deploy.0 = Debug|iPhoneSimulator
		{5773128C-0239-4E31-885B-99AB9604D099}.Release|Any CPU.ActiveCfg = Release|iPhone
		{5773128C-0239-4E31-885B-99AB9604D099}.Release|Any CPU.Build.0 = Release|iPhone
		{5773128C-0239-4E31-885B-99AB9604D099}.Release|Any CPU.Deploy.0 = Release|iPhone
		{5773128C-0239-4E31-885B-99AB9604D099}.Release|iPhone.ActiveCfg = Release|iPhone
		{5773128C-0239-4E31-885B-99AB9604D099}.Release|iPhone.Build.0 = Release|iPhone
		{5773128C-0239-4E31-885B-99AB9604D099}.Release|iPhone.Deploy.0 = Release|iPhone
		{5773128C-0239-4E31-885B-99AB9604D099}.Release|iPhoneSimulator.ActiveCfg = Release|iPhoneSimulator
		{5773128C-0239-4E31-885B-99AB9604D099}.Release|iPhoneSimulator.Build.0 = Release|iPhoneSimulator
		{5773128C-0239-4E31-885B-99AB9604D099}.Release|iPhoneSimulator.Deploy.0 = Release|iPhoneSimulator
		{45B81B90-7D9C-4806-806A-650C33123BAA}.Debug|Any CPU.ActiveCfg = Debug|Any CPU
		{45B81B90-7D9C-4806-806A-650C33123BAA}.Debug|Any CPU.Build.0 = Debug|Any CPU
		{45B81B90-7D9C-4806-806A-650C33123BAA}.Debug|Any CPU.Deploy.0 = Debug|Any CPU
		{45B81B90-7D9C-4806-806A-650C33123BAA}.Debug|iPhone.ActiveCfg = Debug|Any CPU
		{45B81B90-7D9C-4806-806A-650C33123BAA}.Debug|iPhone.Build.0 = Debug|Any CPU
		{45B81B90-7D9C-4806-806A-650C33123BAA}.Debug|iPhone.Deploy.0 = Debug|Any CPU
		{45B81B90-7D9C-4806-806A-650C33123BAA}.Debug|iPhoneSimulator.ActiveCfg = Debug|Any CPU
		{45B81B90-7D9C-4806-806A-650C33123BAA}.Debug|iPhoneSimulator.Build.0 = Debug|Any CPU
		{45B81B90-7D9C-4806-806A-650C33123BAA}.Debug|iPhoneSimulator.Deploy.0 = Debug|Any CPU
		{45B81B90-7D9C-4806-806A-650C33123BAA}.Release|Any CPU.ActiveCfg = Release|Any CPU
		{45B81B90-7D9C-4806-806A-650C33123BAA}.Release|Any CPU.Build.0 = Release|Any CPU
		{45B81B90-7D9C-4806-806A-650C33123BAA}.Release|Any CPU.Deploy.0 = Release|Any CPU
		{45B81B90-7D9C-4806-806A-650C33123BAA}.Release|iPhone.ActiveCfg = Release|Any CPU
		{45B81B90-7D9C-4806-806A-650C33123BAA}.Release|iPhone.Build.0 = Release|Any CPU
		{45B81B90-7D9C-4806-806A-650C33123BAA}.Release|iPhone.Deploy.0 = Release|Any CPU
		{45B81B90-7D9C-4806-806A-650C33123BAA}.Release|iPhoneSimulator.ActiveCfg = Release|Any CPU
		{45B81B90-7D9C-4806-806A-650C33123BAA}.Release|iPhoneSimulator.Build.0 = Release|Any CPU
		{45B81B90-7D9C-4806-806A-650C33123BAA}.Release|iPhoneSimulator.Deploy.0 = Release|Any CPU
	EndGlobalSection
	GlobalSection(SolutionProperties) = preSolution
		HideSolutionNode = FALSE
	EndGlobalSection
	GlobalSection(ExtensibilityGlobals) = postSolution
		SolutionGuid = {44AD9283-2172-497D-8C43-D45FF9DAB724}
	EndGlobalSection
EndGlobal
